
Microsoft Visual Studio Solution File, Format Version 12.00
# Visual Studio Version 16
VisualStudioVersion = 16.0.30225.117
MinimumVisualStudioVersion = 10.0.40219.1
Project("{FAE04EC0-301F-11D3-BF4B-00C04F79EFBC}") = "ConsoleIntegracao", "ConsoleIntegracao\ConsoleIntegracao.csproj", "{EC80C75B-11B6-426C-9593-2BBD39601840}"
EndProject
Global
	GlobalSection(SolutionConfigurationPlatforms) = preSolution
		Debug|Any CPU = Debug|Any CPU
		Release|Any CPU = Release|Any CPU
	EndGlobalSection
	GlobalSection(ProjectConfigurationPlatforms) = postSolution
		{EC80C75B-11B6-426C-9593-2BBD39601840}.Debug|Any CPU.ActiveCfg = Debug|Any CPU
		{EC80C75B-11B6-426C-9593-2BBD39601840}.Debug|Any CPU.Build.0 = Debug|Any CPU
		{EC80C75B-11B6-426C-9593-2BBD39601840}.Release|Any CPU.ActiveCfg = Release|Any CPU
		{EC80C75B-11B6-426C-9593-2BBD39601840}.Release|Any CPU.Build.0 = Release|Any CPU
	EndGlobalSection
	GlobalSection(SolutionProperties) = preSolution
		HideSolutionNode = FALSE
	EndGlobalSection
	GlobalSection(ExtensibilityGlobals) = postSolution
		SolutionGuid = {F02DC369-37C2-4D88-88A9-470BF486AC1C}
	EndGlobalSection
EndGlobal
